{
  "requires": true,
  "lockfileVersion": 1,
  "dependencies": {
    "iframe-resizer": {
      "version": "4.2.10",
      "resolved": "https://registry.npmjs.org/iframe-resizer/-/iframe-resizer-4.2.10.tgz",
      "integrity": "sha512-9T/AWavGI5Q7nw2ch7qatkKvhK6S11eatuSh0SXpPXN3MV0HtN97KyifWJSuMj47rD6jbqe1CXT91PLQbexvEQ=="
    }
  }
}
